
Microsoft Visual Studio Solution File, Format Version 12.00
# Visual Studio Version 17
VisualStudioVersion = 17.14.36109.1 d17.14
MinimumVisualStudioVersion = 10.0.40219.1
Project("{FAE04EC0-301F-11D3-BF4B-00C04F79EFBC}") = "PresentationCursor", "PresentationCursor\PresentationCursor.csproj", "{1CA5ACA8-0A77-4A18-8DDB-7637B72F69E4}"
EndProject
Global
	GlobalSection(SolutionConfigurationPlatforms) = preSolution
		Debug|Any CPU = Debug|Any CPU
		Release|Any CPU = Release|Any CPU
	EndGlobalSection
	GlobalSection(ProjectConfigurationPlatforms) = postSolution
		{1CA5ACA8-0A77-4A18-8DDB-7637B72F69E4}.Debug|Any CPU.ActiveCfg = Debug|Any CPU
		{1CA5ACA8-0A77-4A18-8DDB-7637B72F69E4}.Debug|Any CPU.Build.0 = Debug|Any CPU
		{1CA5ACA8-0A77-4A18-8DDB-7637B72F69E4}.Release|Any CPU.ActiveCfg = Release|Any CPU
		{1CA5ACA8-0A77-4A18-8DDB-7637B72F69E4}.Release|Any CPU.Build.0 = Release|Any CPU
	EndGlobalSection
	GlobalSection(SolutionProperties) = preSolution
		HideSolutionNode = FALSE
	EndGlobalSection
	GlobalSection(ExtensibilityGlobals) = postSolution
		SolutionGuid = {BFFFBAD3-567D-45A6-B7B2-742957052265}
	EndGlobalSection
EndGlobal
